
Microsoft Visual Studio Solution File, Format Version 12.00
# Visual Studio Version 16
VisualStudioVersion = 16.0.31321.278
MinimumVisualStudioVersion = 10.0.40219.1
Project("{FAE04EC0-301F-11D3-BF4B-00C04F79EFBC}") = "Tombola", "Tombola.csproj", "{5386D18C-EF7A-4E2A-8162-40CE45FC3F37}"
EndProject
Global
	GlobalSection(SolutionConfigurationPlatforms) = preSolution
		Debug|Any CPU = Debug|Any CPU
		Release|Any CPU = Release|Any CPU
	EndGlobalSection
	GlobalSection(ProjectConfigurationPlatforms) = postSolution
		{5386D18C-EF7A-4E2A-8162-40CE45FC3F37}.Debug|Any CPU.ActiveCfg = Debug|Any CPU
		{5386D18C-EF7A-4E2A-8162-40CE45FC3F37}.Debug|Any CPU.Build.0 = Debug|Any CPU
		{5386D18C-EF7A-4E2A-8162-40CE45FC3F37}.Release|Any CPU.ActiveCfg = Release|Any CPU
		{5386D18C-EF7A-4E2A-8162-40CE45FC3F37}.Release|Any CPU.Build.0 = Release|Any CPU
	EndGlobalSection
	GlobalSection(SolutionProperties) = preSolution
		HideSolutionNode = FALSE
	EndGlobalSection
	GlobalSection(ExtensibilityGlobals) = postSolution
		SolutionGuid = {902388BD-0B1E-4012-A9CB-EB52790F80CA}
	EndGlobalSection
EndGlobal
